
Microsoft Visual Studio Solution File, Format Version 12.00
# Visual Studio 2013
VisualStudioVersion = 12.0.30324.0
MinimumVisualStudioVersion = 10.0.40219.1
Project("{FAE04EC0-301F-11D3-BF4B-00C04F79EFBC}") = "AuctionSpike", "AuctionSpike\AuctionSpike.csproj", "{ED5DD40C-18EC-4D46-B785-202ACE7E6C98}"
EndProject
Project("{2150E333-8FDC-42A3-9474-1A3956D46DE8}") = ".nuget", ".nuget", "{CCD43DBD-E28F-4B7C-895F-48F51FD87D3E}"
	ProjectSection(SolutionItems) = preProject
		.nuget\NuGet.Config = .nuget\NuGet.Config
		.nuget\NuGet.exe = .nuget\NuGet.exe
		.nuget\NuGet.targets = .nuget\NuGet.targets
	EndProjectSection
EndProject
Project("{FAE04EC0-301F-11D3-BF4B-00C04F79EFBC}") = "Auctions.Import.HAndH", "Auctions.Import.HAndH\Auctions.Import.HAndH.csproj", "{AE53AF22-8E26-42D0-9F1D-BF8EE461345E}"
EndProject
Project("{FAE04EC0-301F-11D3-BF4B-00C04F79EFBC}") = "Auctions.Import.HAndH.Test", "Auctions.Import.HAndH.Test\Auctions.Import.HAndH.Test.csproj", "{6FF1C31A-54AC-466E-8D9B-E393290E4123}"
EndProject
Project("{FAE04EC0-301F-11D3-BF4B-00C04F79EFBC}") = "Auctions.Import.Infrastructure", "Auctions.Import.Infrastructure\Auctions.Import.Infrastructure.csproj", "{82EB7F9C-5CF0-4B1E-9DD4-91766D19DA86}"
EndProject
Project("{FAE04EC0-301F-11D3-BF4B-00C04F79EFBC}") = "Auctions.Import.Barons", "Auctions.Import.Barons\Auctions.Import.Barons.csproj", "{20684EEA-15B0-4CF7-8196-45AD949496C4}"
EndProject
Project("{FAE04EC0-301F-11D3-BF4B-00C04F79EFBC}") = "Auctions.Import.Barons.Test", "Auctions.Import.Barons.Test\Auctions.Import.Barons.Test.csproj", "{176E2025-0934-419C-B529-0E9F2D0F17ED}"
EndProject
Project("{2150E333-8FDC-42A3-9474-1A3956D46DE8}") = "Barons", "Barons", "{28FF0AEA-F5CE-48CC-B31D-DA1132CA75E3}"
EndProject
Project("{2150E333-8FDC-42A3-9474-1A3956D46DE8}") = "HAndH", "HAndH", "{2FE7AC3C-54A5-47EF-B6F3-1CA6196B137A}"
EndProject
Project("{2150E333-8FDC-42A3-9474-1A3956D46DE8}") = "Infrastructure", "Infrastructure", "{6CA6B7D9-11CD-4B24-B308-80BB22776A88}"
EndProject
Project("{FAE04EC0-301F-11D3-BF4B-00C04F79EFBC}") = "Auctions.Export", "Auctions.Export\Auctions.Export.csproj", "{1F5945DD-3222-4474-96D5-8115F9C957C7}"
EndProject
Project("{FAE04EC0-301F-11D3-BF4B-00C04F79EFBC}") = "Auctions.Model", "Auctions.Model\Auctions.Model.csproj", "{15B14F44-E827-469B-A86A-876843BDB747}"
EndProject
Project("{FAE04EC0-301F-11D3-BF4B-00C04F79EFBC}") = "Auctions.Export.Tests", "Auctions.Export.Tests\Auctions.Export.Tests.csproj", "{2301E496-6BDC-4CC6-85D8-BE14024FD6FB}"
EndProject
Project("{2150E333-8FDC-42A3-9474-1A3956D46DE8}") = "Tests", "Tests", "{AFC9218B-9A2D-4F81-A812-2753F6263C5A}"
EndProject
Project("{2150E333-8FDC-42A3-9474-1A3956D46DE8}") = "Tests", "Tests", "{8B7C02F6-3327-4739-8013-C5813F7D3852}"
EndProject
Project("{2150E333-8FDC-42A3-9474-1A3956D46DE8}") = "Tests", "Tests", "{184C2791-DC08-42AF-9F27-16FCA2291A49}"
EndProject
Project("{2150E333-8FDC-42A3-9474-1A3956D46DE8}") = "AuctionHouses", "AuctionHouses", "{3F4B087B-0CED-4823-B2DA-B0665E5AD6A7}"
EndProject
Project("{2150E333-8FDC-42A3-9474-1A3956D46DE8}") = "Bonhams", "Bonhams", "{6216DF85-B6FC-47DB-8DF0-A586B416B9B6}"
EndProject
Project("{2150E333-8FDC-42A3-9474-1A3956D46DE8}") = "Coys", "Coys", "{B119DF72-ED69-46D5-89BD-B6B4AA7DE469}"
EndProject
Project("{2150E333-8FDC-42A3-9474-1A3956D46DE8}") = "Silverstone", "Silverstone", "{52C6B9E1-3C4C-4B65-8E0E-29ED4BDC60AB}"
EndProject
Project("{FAE04EC0-301F-11D3-BF4B-00C04F79EFBC}") = "Auctions.Import.Bonhams", "Auctions.Import.Bonhams\Auctions.Import.Bonhams.csproj", "{F284CFA6-B022-4461-BF05-C9A78F707DE2}"
EndProject
Project("{2150E333-8FDC-42A3-9474-1A3956D46DE8}") = "Test", "Test", "{E5AD29C9-0758-455C-81EE-73CAD5F6FA81}"
EndProject
Project("{FAE04EC0-301F-11D3-BF4B-00C04F79EFBC}") = "Auctions.Import.Bonhams.Test", "Auctions.Import.Bonhams.Test\Auctions.Import.Bonhams.Test.csproj", "{F7660731-72E3-4BC8-A4E0-34FBBCDE4CD3}"
EndProject
Project("{FAE04EC0-301F-11D3-BF4B-00C04F79EFBC}") = "GoLambda.Web.TestHelpers", "GoLambda.Web.TestHelpers\GoLambda.Web.TestHelpers.csproj", "{AA93AF33-D0E9-42A0-81B9-F705F6173B97}"
EndProject
Project("{2150E333-8FDC-42A3-9474-1A3956D46DE8}") = "Test", "Test", "{C8FDA56B-D247-43BB-B29E-AFB28F7F90CB}"
EndProject
Project("{FAE04EC0-301F-11D3-BF4B-00C04F79EFBC}") = "Auctions.Import.Coys.Test", "Auctions.Import.Coys.Test\Auctions.Import.Coys.Test.csproj", "{5B0B3AA4-FC86-4C7E-93FC-20CBA48054C1}"
EndProject
Project("{FAE04EC0-301F-11D3-BF4B-00C04F79EFBC}") = "Auctions.Import.Coys", "Auctions.Import.Coys\Auctions.Import.Coys.csproj", "{2DAF51C9-3452-4732-8F2C-E98943DB6487}"
EndProject
Global
	GlobalSection(SolutionConfigurationPlatforms) = preSolution
		Debug|Any CPU = Debug|Any CPU
		Release|Any CPU = Release|Any CPU
	EndGlobalSection
	GlobalSection(ProjectConfigurationPlatforms) = postSolution
		{ED5DD40C-18EC-4D46-B785-202ACE7E6C98}.Debug|Any CPU.ActiveCfg = Debug|Any CPU
		{ED5DD40C-18EC-4D46-B785-202ACE7E6C98}.Debug|Any CPU.Build.0 = Debug|Any CPU
		{ED5DD40C-18EC-4D46-B785-202ACE7E6C98}.Release|Any CPU.ActiveCfg = Release|Any CPU
		{ED5DD40C-18EC-4D46-B785-202ACE7E6C98}.Release|Any CPU.Build.0 = Release|Any CPU
		{AE53AF22-8E26-42D0-9F1D-BF8EE461345E}.Debug|Any CPU.ActiveCfg = Debug|Any CPU
		{AE53AF22-8E26-42D0-9F1D-BF8EE461345E}.Debug|Any CPU.Build.0 = Debug|Any CPU
		{AE53AF22-8E26-42D0-9F1D-BF8EE461345E}.Release|Any CPU.ActiveCfg = Release|Any CPU
		{AE53AF22-8E26-42D0-9F1D-BF8EE461345E}.Release|Any CPU.Build.0 = Release|Any CPU
		{6FF1C31A-54AC-466E-8D9B-E393290E4123}.Debug|Any CPU.ActiveCfg = Debug|Any CPU
		{6FF1C31A-54AC-466E-8D9B-E393290E4123}.Debug|Any CPU.Build.0 = Debug|Any CPU
		{6FF1C31A-54AC-466E-8D9B-E393290E4123}.Release|Any CPU.ActiveCfg = Release|Any CPU
		{6FF1C31A-54AC-466E-8D9B-E393290E4123}.Release|Any CPU.Build.0 = Release|Any CPU
		{82EB7F9C-5CF0-4B1E-9DD4-91766D19DA86}.Debug|Any CPU.ActiveCfg = Debug|Any CPU
		{82EB7F9C-5CF0-4B1E-9DD4-91766D19DA86}.Debug|Any CPU.Build.0 = Debug|Any CPU
		{82EB7F9C-5CF0-4B1E-9DD4-91766D19DA86}.Release|Any CPU.ActiveCfg = Release|Any CPU
		{82EB7F9C-5CF0-4B1E-9DD4-91766D19DA86}.Release|Any CPU.Build.0 = Release|Any CPU
		{20684EEA-15B0-4CF7-8196-45AD949496C4}.Debug|Any CPU.ActiveCfg = Debug|Any CPU
		{20684EEA-15B0-4CF7-8196-45AD949496C4}.Debug|Any CPU.Build.0 = Debug|Any CPU
		{20684EEA-15B0-4CF7-8196-45AD949496C4}.Release|Any CPU.ActiveCfg = Release|Any CPU
		{20684EEA-15B0-4CF7-8196-45AD949496C4}.Release|Any CPU.Build.0 = Release|Any CPU
		{176E2025-0934-419C-B529-0E9F2D0F17ED}.Debug|Any CPU.ActiveCfg = Debug|Any CPU
		{176E2025-0934-419C-B529-0E9F2D0F17ED}.Debug|Any CPU.Build.0 = Debug|Any CPU
		{176E2025-0934-419C-B529-0E9F2D0F17ED}.Release|Any CPU.ActiveCfg = Release|Any CPU
		{176E2025-0934-419C-B529-0E9F2D0F17ED}.Release|Any CPU.Build.0 = Release|Any CPU
		{1F5945DD-3222-4474-96D5-8115F9C957C7}.Debug|Any CPU.ActiveCfg = Debug|Any CPU
		{1F5945DD-3222-4474-96D5-8115F9C957C7}.Debug|Any CPU.Build.0 = Debug|Any CPU
		{1F5945DD-3222-4474-96D5-8115F9C957C7}.Release|Any CPU.ActiveCfg = Release|Any CPU
		{1F5945DD-3222-4474-96D5-8115F9C957C7}.Release|Any CPU.Build.0 = Release|Any CPU
		{15B14F44-E827-469B-A86A-876843BDB747}.Debug|Any CPU.ActiveCfg = Debug|Any CPU
		{15B14F44-E827-469B-A86A-876843BDB747}.Debug|Any CPU.Build.0 = Debug|Any CPU
		{15B14F44-E827-469B-A86A-876843BDB747}.Release|Any CPU.ActiveCfg = Release|Any CPU
		{15B14F44-E827-469B-A86A-876843BDB747}.Release|Any CPU.Build.0 = Release|Any CPU
		{2301E496-6BDC-4CC6-85D8-BE14024FD6FB}.Debug|Any CPU.ActiveCfg = Debug|Any CPU
		{2301E496-6BDC-4CC6-85D8-BE14024FD6FB}.Debug|Any CPU.Build.0 = Debug|Any CPU
		{2301E496-6BDC-4CC6-85D8-BE14024FD6FB}.Release|Any CPU.ActiveCfg = Release|Any CPU
		{2301E496-6BDC-4CC6-85D8-BE14024FD6FB}.Release|Any CPU.Build.0 = Release|Any CPU
		{F284CFA6-B022-4461-BF05-C9A78F707DE2}.Debug|Any CPU.ActiveCfg = Debug|Any CPU
		{F284CFA6-B022-4461-BF05-C9A78F707DE2}.Debug|Any CPU.Build.0 = Debug|Any CPU
		{F284CFA6-B022-4461-BF05-C9A78F707DE2}.Release|Any CPU.ActiveCfg = Release|Any CPU
		{F284CFA6-B022-4461-BF05-C9A78F707DE2}.Release|Any CPU.Build.0 = Release|Any CPU
		{F7660731-72E3-4BC8-A4E0-34FBBCDE4CD3}.Debug|Any CPU.ActiveCfg = Debug|Any CPU
		{F7660731-72E3-4BC8-A4E0-34FBBCDE4CD3}.Debug|Any CPU.Build.0 = Debug|Any CPU
		{F7660731-72E3-4BC8-A4E0-34FBBCDE4CD3}.Release|Any CPU.ActiveCfg = Release|Any CPU
		{F7660731-72E3-4BC8-A4E0-34FBBCDE4CD3}.Release|Any CPU.Build.0 = Release|Any CPU
		{AA93AF33-D0E9-42A0-81B9-F705F6173B97}.Debug|Any CPU.ActiveCfg = Debug|Any CPU
		{AA93AF33-D0E9-42A0-81B9-F705F6173B97}.Debug|Any CPU.Build.0 = Debug|Any CPU
		{AA93AF33-D0E9-42A0-81B9-F705F6173B97}.Release|Any CPU.ActiveCfg = Release|Any CPU
		{AA93AF33-D0E9-42A0-81B9-F705F6173B97}.Release|Any CPU.Build.0 = Release|Any CPU
		{5B0B3AA4-FC86-4C7E-93FC-20CBA48054C1}.Debug|Any CPU.ActiveCfg = Debug|Any CPU
		{5B0B3AA4-FC86-4C7E-93FC-20CBA48054C1}.Debug|Any CPU.Build.0 = Debug|Any CPU
		{5B0B3AA4-FC86-4C7E-93FC-20CBA48054C1}.Release|Any CPU.ActiveCfg = Release|Any CPU
		{5B0B3AA4-FC86-4C7E-93FC-20CBA48054C1}.Release|Any CPU.Build.0 = Release|Any CPU
		{2DAF51C9-3452-4732-8F2C-E98943DB6487}.Debug|Any CPU.ActiveCfg = Debug|Any CPU
		{2DAF51C9-3452-4732-8F2C-E98943DB6487}.Debug|Any CPU.Build.0 = Debug|Any CPU
		{2DAF51C9-3452-4732-8F2C-E98943DB6487}.Release|Any CPU.ActiveCfg = Release|Any CPU
		{2DAF51C9-3452-4732-8F2C-E98943DB6487}.Release|Any CPU.Build.0 = Release|Any CPU
	EndGlobalSection
	GlobalSection(SolutionProperties) = preSolution
		HideSolutionNode = FALSE
	EndGlobalSection
	GlobalSection(NestedProjects) = preSolution
		{AE53AF22-8E26-42D0-9F1D-BF8EE461345E} = {2FE7AC3C-54A5-47EF-B6F3-1CA6196B137A}
		{6FF1C31A-54AC-466E-8D9B-E393290E4123} = {8B7C02F6-3327-4739-8013-C5813F7D3852}
		{82EB7F9C-5CF0-4B1E-9DD4-91766D19DA86} = {6CA6B7D9-11CD-4B24-B308-80BB22776A88}
		{20684EEA-15B0-4CF7-8196-45AD949496C4} = {28FF0AEA-F5CE-48CC-B31D-DA1132CA75E3}
		{176E2025-0934-419C-B529-0E9F2D0F17ED} = {184C2791-DC08-42AF-9F27-16FCA2291A49}
		{28FF0AEA-F5CE-48CC-B31D-DA1132CA75E3} = {3F4B087B-0CED-4823-B2DA-B0665E5AD6A7}
		{2FE7AC3C-54A5-47EF-B6F3-1CA6196B137A} = {3F4B087B-0CED-4823-B2DA-B0665E5AD6A7}
		{1F5945DD-3222-4474-96D5-8115F9C957C7} = {6CA6B7D9-11CD-4B24-B308-80BB22776A88}
		{15B14F44-E827-469B-A86A-876843BDB747} = {6CA6B7D9-11CD-4B24-B308-80BB22776A88}
		{2301E496-6BDC-4CC6-85D8-BE14024FD6FB} = {AFC9218B-9A2D-4F81-A812-2753F6263C5A}
		{8B7C02F6-3327-4739-8013-C5813F7D3852} = {2FE7AC3C-54A5-47EF-B6F3-1CA6196B137A}
		{184C2791-DC08-42AF-9F27-16FCA2291A49} = {28FF0AEA-F5CE-48CC-B31D-DA1132CA75E3}
		{6216DF85-B6FC-47DB-8DF0-A586B416B9B6} = {3F4B087B-0CED-4823-B2DA-B0665E5AD6A7}
		{B119DF72-ED69-46D5-89BD-B6B4AA7DE469} = {3F4B087B-0CED-4823-B2DA-B0665E5AD6A7}
		{52C6B9E1-3C4C-4B65-8E0E-29ED4BDC60AB} = {3F4B087B-0CED-4823-B2DA-B0665E5AD6A7}
		{F284CFA6-B022-4461-BF05-C9A78F707DE2} = {6216DF85-B6FC-47DB-8DF0-A586B416B9B6}
		{E5AD29C9-0758-455C-81EE-73CAD5F6FA81} = {6216DF85-B6FC-47DB-8DF0-A586B416B9B6}
		{F7660731-72E3-4BC8-A4E0-34FBBCDE4CD3} = {E5AD29C9-0758-455C-81EE-73CAD5F6FA81}
		{C8FDA56B-D247-43BB-B29E-AFB28F7F90CB} = {B119DF72-ED69-46D5-89BD-B6B4AA7DE469}
		{5B0B3AA4-FC86-4C7E-93FC-20CBA48054C1} = {C8FDA56B-D247-43BB-B29E-AFB28F7F90CB}
		{2DAF51C9-3452-4732-8F2C-E98943DB6487} = {B119DF72-ED69-46D5-89BD-B6B4AA7DE469}
	EndGlobalSection
EndGlobal
