
Microsoft Visual Studio Solution File, Format Version 12.00
# Visual Studio 2013
VisualStudioVersion = 12.0.30324.0
MinimumVisualStudioVersion = 10.0.40219.1
Project("{FAE04EC0-301F-11D3-BF4B-00C04F79EFBC}") = "Spike.Auctions.SignalRClient", "Spike.Auctions.SignalRClient\Spike.Auctions.SignalRClient.csproj", "{0A29373D-0EE8-4C03-9F4E-FE213D17A8DF}"
EndProject
Global
	GlobalSection(SolutionConfigurationPlatforms) = preSolution
		Debug|Any CPU = Debug|Any CPU
		Release|Any CPU = Release|Any CPU
	EndGlobalSection
	GlobalSection(ProjectConfigurationPlatforms) = postSolution
		{0A29373D-0EE8-4C03-9F4E-FE213D17A8DF}.Debug|Any CPU.ActiveCfg = Debug|Any CPU
		{0A29373D-0EE8-4C03-9F4E-FE213D17A8DF}.Debug|Any CPU.Build.0 = Debug|Any CPU
		{0A29373D-0EE8-4C03-9F4E-FE213D17A8DF}.Release|Any CPU.ActiveCfg = Release|Any CPU
		{0A29373D-0EE8-4C03-9F4E-FE213D17A8DF}.Release|Any CPU.Build.0 = Release|Any CPU
	EndGlobalSection
	GlobalSection(SolutionProperties) = preSolution
		HideSolutionNode = FALSE
	EndGlobalSection
EndGlobal
